
Microsoft Visual Studio Solution File, Format Version 12.00
# Visual Studio 15
VisualStudioVersion = 15.0.28010.2026
MinimumVisualStudioVersion = 10.0.40219.1
Project("{FAE04EC0-301F-11D3-BF4B-00C04F79EFBC}") = "GraMonolitycznie", "GraMonolitycznie\GraMonolitycznie.csproj", "{0556461D-BD86-4D1B-A5D7-EBC373111748}"
EndProject
Project("{FAE04EC0-301F-11D3-BF4B-00C04F79EFBC}") = "GraProceduralnie", "GraProceduralnie\GraProceduralnie.csproj", "{1E46CADA-BBB2-49A4-9B1D-F03736CCA6E2}"
EndProject
Project("{FAE04EC0-301F-11D3-BF4B-00C04F79EFBC}") = "ModelGry", "ModelGry\ModelGry.csproj", "{9A8E87AA-E06D-4D39-B4DD-0EED4C3A7E23}"
EndProject
Project("{FAE04EC0-301F-11D3-BF4B-00C04F79EFBC}") = "ConsoleAppTestModelGry", "ConsoleAppTestModelGry\ConsoleAppTestModelGry.csproj", "{0E9EC248-1C6F-4E76-A32B-45547AF4B8FC}"
EndProject
Project("{FAE04EC0-301F-11D3-BF4B-00C04F79EFBC}") = "UnitTestProjectModelGry", "UnitTestProjectModelGry\UnitTestProjectModelGry.csproj", "{02AE0036-998F-4906-8F18-B4190227EE39}"
EndProject
Global
	GlobalSection(SolutionConfigurationPlatforms) = preSolution
		Debug|Any CPU = Debug|Any CPU
		Release|Any CPU = Release|Any CPU
	EndGlobalSection
	GlobalSection(ProjectConfigurationPlatforms) = postSolution
		{0556461D-BD86-4D1B-A5D7-EBC373111748}.Debug|Any CPU.ActiveCfg = Debug|Any CPU
		{0556461D-BD86-4D1B-A5D7-EBC373111748}.Debug|Any CPU.Build.0 = Debug|Any CPU
		{0556461D-BD86-4D1B-A5D7-EBC373111748}.Release|Any CPU.ActiveCfg = Release|Any CPU
		{0556461D-BD86-4D1B-A5D7-EBC373111748}.Release|Any CPU.Build.0 = Release|Any CPU
		{1E46CADA-BBB2-49A4-9B1D-F03736CCA6E2}.Debug|Any CPU.ActiveCfg = Debug|Any CPU
		{1E46CADA-BBB2-49A4-9B1D-F03736CCA6E2}.Debug|Any CPU.Build.0 = Debug|Any CPU
		{1E46CADA-BBB2-49A4-9B1D-F03736CCA6E2}.Release|Any CPU.ActiveCfg = Release|Any CPU
		{1E46CADA-BBB2-49A4-9B1D-F03736CCA6E2}.Release|Any CPU.Build.0 = Release|Any CPU
		{9A8E87AA-E06D-4D39-B4DD-0EED4C3A7E23}.Debug|Any CPU.ActiveCfg = Debug|Any CPU
		{9A8E87AA-E06D-4D39-B4DD-0EED4C3A7E23}.Debug|Any CPU.Build.0 = Debug|Any CPU
		{9A8E87AA-E06D-4D39-B4DD-0EED4C3A7E23}.Release|Any CPU.ActiveCfg = Release|Any CPU
		{9A8E87AA-E06D-4D39-B4DD-0EED4C3A7E23}.Release|Any CPU.Build.0 = Release|Any CPU
		{0E9EC248-1C6F-4E76-A32B-45547AF4B8FC}.Debug|Any CPU.ActiveCfg = Debug|Any CPU
		{0E9EC248-1C6F-4E76-A32B-45547AF4B8FC}.Debug|Any CPU.Build.0 = Debug|Any CPU
		{0E9EC248-1C6F-4E76-A32B-45547AF4B8FC}.Release|Any CPU.ActiveCfg = Release|Any CPU
		{0E9EC248-1C6F-4E76-A32B-45547AF4B8FC}.Release|Any CPU.Build.0 = Release|Any CPU
		{02AE0036-998F-4906-8F18-B4190227EE39}.Debug|Any CPU.ActiveCfg = Debug|Any CPU
		{02AE0036-998F-4906-8F18-B4190227EE39}.Debug|Any CPU.Build.0 = Debug|Any CPU
		{02AE0036-998F-4906-8F18-B4190227EE39}.Release|Any CPU.ActiveCfg = Release|Any CPU
		{02AE0036-998F-4906-8F18-B4190227EE39}.Release|Any CPU.Build.0 = Release|Any CPU
	EndGlobalSection
	GlobalSection(SolutionProperties) = preSolution
		HideSolutionNode = FALSE
	EndGlobalSection
	GlobalSection(ExtensibilityGlobals) = postSolution
		SolutionGuid = {31506ECB-B0BD-479F-AA3B-E42976725CBE}
	EndGlobalSection
EndGlobal
